
Microsoft Visual Studio Solution File, Format Version 12.00
# Visual Studio Version 17
VisualStudioVersion = 17.11.35208.52
MinimumVisualStudioVersion = 10.0.40219.1
Project("{FAE04EC0-301F-11D3-BF4B-00C04F79EFBC}") = "WebApplication140924_films", "WebApplication140924_films.csproj", "{132F2255-093D-49B5-81E9-09F26E7E3800}"
EndProject
Global
	GlobalSection(SolutionConfigurationPlatforms) = preSolution
		Debug|Any CPU = Debug|Any CPU
		Release|Any CPU = Release|Any CPU
	EndGlobalSection
	GlobalSection(ProjectConfigurationPlatforms) = postSolution
		{132F2255-093D-49B5-81E9-09F26E7E3800}.Debug|Any CPU.ActiveCfg = Debug|Any CPU
		{132F2255-093D-49B5-81E9-09F26E7E3800}.Debug|Any CPU.Build.0 = Debug|Any CPU
		{132F2255-093D-49B5-81E9-09F26E7E3800}.Release|Any CPU.ActiveCfg = Release|Any CPU
		{132F2255-093D-49B5-81E9-09F26E7E3800}.Release|Any CPU.Build.0 = Release|Any CPU
	EndGlobalSection
	GlobalSection(SolutionProperties) = preSolution
		HideSolutionNode = FALSE
	EndGlobalSection
	GlobalSection(ExtensibilityGlobals) = postSolution
		SolutionGuid = {D17B5A44-1A7E-4148-9420-F1E5A864D860}
	EndGlobalSection
EndGlobal
